
Microsoft Visual Studio Solution File, Format Version 12.00
# Visual Studio Version 17
VisualStudioVersion = 17.8.34004.107
MinimumVisualStudioVersion = 10.0.40219.1
Project("{FAE04EC0-301F-11D3-BF4B-00C04F79EFBC}") = "NewInCSharp8", "NewInCSharp8\NewInCSharp8.csproj", "{D7F3A1C2-68EE-48DD-8ADE-103A5F854212}"
EndProject
Global
	GlobalSection(SolutionConfigurationPlatforms) = preSolution
		Debug|Any CPU = Debug|Any CPU
		Release|Any CPU = Release|Any CPU
	EndGlobalSection
	GlobalSection(ProjectConfigurationPlatforms) = postSolution
		{D7F3A1C2-68EE-48DD-8ADE-103A5F854212}.Debug|Any CPU.ActiveCfg = Debug|Any CPU
		{D7F3A1C2-68EE-48DD-8ADE-103A5F854212}.Debug|Any CPU.Build.0 = Debug|Any CPU
		{D7F3A1C2-68EE-48DD-8ADE-103A5F854212}.Release|Any CPU.ActiveCfg = Release|Any CPU
		{D7F3A1C2-68EE-48DD-8ADE-103A5F854212}.Release|Any CPU.Build.0 = Release|Any CPU
	EndGlobalSection
	GlobalSection(SolutionProperties) = preSolution
		HideSolutionNode = FALSE
	EndGlobalSection
	GlobalSection(ExtensibilityGlobals) = postSolution
		SolutionGuid = {191610EB-E343-4EDE-BF37-6996FED06AEE}
	EndGlobalSection
EndGlobal
